// !$*UTF8*$!
{
	archiveVersion = 1;
	classes = {
	};
	objectVersion = 77;
	objects = {

/* Begin PBXBuildFile section */
		02B478E6DDB329C8F4017FBF /* KeychainStore.swift in Sources */ = {isa = PBXBuildFile; fileRef = 80DD583D20A0B7B652EC23EF /* KeychainStore.swift */; };
		2642E0821FF95F7A68FB84AE /* LogTailer.swift in Sources */ = {isa = PBXBuildFile; fileRef = B5DA59CD7B141DB2E806E028 /* LogTailer.swift */; };
		28CCDE01B79369B32DBE77A0 /* Paths.swift in Sources */ = {isa = PBXBuildFile; fileRef = D6A48714ACDA57AC440B7DAF /* Paths.swift */; };
		3D2469C94D75A28E5D02E11D /* RulesStore.swift in Sources */ = {isa = PBXBuildFile; fileRef = 9B67472933AC35B5A2102E0A /* RulesStore.swift */; };
		3E8EAAFF5A3107303A879ACF /* AwgConfig in Frameworks */ = {isa = PBXBuildFile; productRef = 5E3D13F76BE00333B48351BE /* AwgConfig */; };
		761E7D97AA6CB0B7DAFE8310 /* Profile.swift in Sources */ = {isa = PBXBuildFile; fileRef = 85A7C44ED8D79ADE6F3EF56D /* Profile.swift */; };
		82609854A98696A072CB69AD /* TunnelView.swift in Sources */ = {isa = PBXBuildFile; fileRef = 45FDF32327BF0B83951AD87D /* TunnelView.swift */; };
		A05385EB5CBBC969FE8B551C /* LogBuffer.swift in Sources */ = {isa = PBXBuildFile; fileRef = 87F5E13AF5555932F5FDD4D8 /* LogBuffer.swift */; };
		AE5180EAFF445D6385F28499 /* BackendController.swift in Sources */ = {isa = PBXBuildFile; fileRef = C2B5C329588D41A57595CC72 /* BackendController.swift */; };
		B0C6F26CB35DAB7A75CF661F /* ProfileStore.swift in Sources */ = {isa = PBXBuildFile; fileRef = 5AAC43596EA57BA06E23159C /* ProfileStore.swift */; };
		C426688D4854CD213B5C49DC /* RulesEditorView.swift in Sources */ = {isa = PBXBuildFile; fileRef = 458FA1FA042E0E6F25A3EAFB /* RulesEditorView.swift */; };
		C4AEF6195192B0EDBE46139A /* AppDelegate.swift in Sources */ = {isa = PBXBuildFile; fileRef = 8C26EF3E04B37E755AD6ADDA /* AppDelegate.swift */; };
		C59CD3BD65E882C9CB096498 /* ContentView.swift in Sources */ = {isa = PBXBuildFile; fileRef = 17097511C47892D13BEE07A4 /* ContentView.swift */; };
		D90779A3AFEF20E5255AE646 /* rule-presets in Resources */ = {isa = PBXBuildFile; fileRef = 99189E2B2D00D9BE122BB381 /* rule-presets */; };
		E3C414824CB9940E6A26DE84 /* AwgRouteApp.swift in Sources */ = {isa = PBXBuildFile; fileRef = 66063E9976E32C86E7D66907 /* AwgRouteApp.swift */; };
		E548324AAEC89A475890C498 /* ConnectionCoordinator.swift in Sources */ = {isa = PBXBuildFile; fileRef = D7A09C6C4BAFC5FF5A418086 /* ConnectionCoordinator.swift */; };
/* End PBXBuildFile section */

/* Begin PBXFileReference section */
		029F4EADD2755387F175FBBF /* AwgRoute.app */ = {isa = PBXFileReference; explicitFileType = wrapper.application; includeInIndex = 0; path = AwgRoute.app; sourceTree = BUILT_PRODUCTS_DIR; };
		152B1B3CCB2BC9E42A292242 /* Info.plist */ = {isa = PBXFileReference; lastKnownFileType = text.plist; path = Info.plist; sourceTree = "<group>"; };
		17097511C47892D13BEE07A4 /* ContentView.swift */ = {isa = PBXFileReference; lastKnownFileType = sourcecode.swift; path = ContentView.swift; sourceTree = "<group>"; };
		458FA1FA042E0E6F25A3EAFB /* RulesEditorView.swift */ = {isa = PBXFileReference; lastKnownFileType = sourcecode.swift; path = RulesEditorView.swift; sourceTree = "<group>"; };
		45FDF32327BF0B83951AD87D /* TunnelView.swift */ = {isa = PBXFileReference; lastKnownFileType = sourcecode.swift; path = TunnelView.swift; sourceTree = "<group>"; };
		5AAC43596EA57BA06E23159C /* ProfileStore.swift */ = {isa = PBXFileReference; lastKnownFileType = sourcecode.swift; path = ProfileStore.swift; sourceTree = "<group>"; };
		66063E9976E32C86E7D66907 /* AwgRouteApp.swift */ = {isa = PBXFileReference; lastKnownFileType = sourcecode.swift; path = AwgRouteApp.swift; sourceTree = "<group>"; };
		80DD583D20A0B7B652EC23EF /* KeychainStore.swift */ = {isa = PBXFileReference; lastKnownFileType = sourcecode.swift; path = KeychainStore.swift; sourceTree = "<group>"; };
		85A7C44ED8D79ADE6F3EF56D /* Profile.swift */ = {isa = PBXFileReference; lastKnownFileType = sourcecode.swift; path = Profile.swift; sourceTree = "<group>"; };
		87F5E13AF5555932F5FDD4D8 /* LogBuffer.swift */ = {isa = PBXFileReference; lastKnownFileType = sourcecode.swift; path = LogBuffer.swift; sourceTree = "<group>"; };
		8C26EF3E04B37E755AD6ADDA /* AppDelegate.swift */ = {isa = PBXFileReference; lastKnownFileType = sourcecode.swift; path = AppDelegate.swift; sourceTree = "<group>"; };
		99189E2B2D00D9BE122BB381 /* rule-presets */ = {isa = PBXFileReference; lastKnownFileType = folder; name = "rule-presets"; path = "../resources/rule-presets"; sourceTree = SOURCE_ROOT; };
		9B67472933AC35B5A2102E0A /* RulesStore.swift */ = {isa = PBXFileReference; lastKnownFileType = sourcecode.swift; path = RulesStore.swift; sourceTree = "<group>"; };
		B5DA59CD7B141DB2E806E028 /* LogTailer.swift */ = {isa = PBXFileReference; lastKnownFileType = sourcecode.swift; path = LogTailer.swift; sourceTree = "<group>"; };
		C2B5C329588D41A57595CC72 /* BackendController.swift */ = {isa = PBXFileReference; lastKnownFileType = sourcecode.swift; path = BackendController.swift; sourceTree = "<group>"; };
		D6A48714ACDA57AC440B7DAF /* Paths.swift */ = {isa = PBXFileReference; lastKnownFileType = sourcecode.swift; path = Paths.swift; sourceTree = "<group>"; };
		D7A09C6C4BAFC5FF5A418086 /* ConnectionCoordinator.swift */ = {isa = PBXFileReference; lastKnownFileType = sourcecode.swift; path = ConnectionCoordinator.swift; sourceTree = "<group>"; };
		EC7B059DEF2784228CE9920E /* shared */ = {isa = PBXFileReference; lastKnownFileType = folder; name = shared; path = ../shared; sourceTree = SOURCE_ROOT; };
/* End PBXFileReference section */

/* Begin PBXFrameworksBuildPhase section */
		B7A17AAEE98D35F172576405 /* Frameworks */ = {
			isa = PBXFrameworksBuildPhase;
			buildActionMask = 2147483647;
			files = (
				3E8EAAFF5A3107303A879ACF /* AwgConfig in Frameworks */,
			);
			runOnlyForDeploymentPostprocessing = 0;
		};
/* End PBXFrameworksBuildPhase section */

/* Begin PBXGroup section */
		05ABFEFBFA7CBE8087E5BCE5 /* Packages */ = {
			isa = PBXGroup;
			children = (
				EC7B059DEF2784228CE9920E /* shared */,
			);
			name = Packages;
			sourceTree = "<group>";
		};
		2C5DBFFE9487CF9F5423575A = {
			isa = PBXGroup;
			children = (
				05ABFEFBFA7CBE8087E5BCE5 /* Packages */,
				7307C50D509C5AFD1B93D3F5 /* Sources */,
				5F738E40CCDCA7778C94DB9D /* vpn-client */,
				7F5674927DC74D892A3E0C27 /* Products */,
			);
			sourceTree = "<group>";
		};
		5F738E40CCDCA7778C94DB9D /* vpn-client */ = {
			isa = PBXGroup;
			children = (
				DB0A1624423281F8125515B7 /* resources */,
			);
			name = "vpn-client";
			path = ..;
			sourceTree = "<group>";
		};
		7307C50D509C5AFD1B93D3F5 /* Sources */ = {
			isa = PBXGroup;
			children = (
				8C26EF3E04B37E755AD6ADDA /* AppDelegate.swift */,
				66063E9976E32C86E7D66907 /* AwgRouteApp.swift */,
				C2B5C329588D41A57595CC72 /* BackendController.swift */,
				D7A09C6C4BAFC5FF5A418086 /* ConnectionCoordinator.swift */,
				17097511C47892D13BEE07A4 /* ContentView.swift */,
				152B1B3CCB2BC9E42A292242 /* Info.plist */,
				80DD583D20A0B7B652EC23EF /* KeychainStore.swift */,
				87F5E13AF5555932F5FDD4D8 /* LogBuffer.swift */,
				B5DA59CD7B141DB2E806E028 /* LogTailer.swift */,
				D6A48714ACDA57AC440B7DAF /* Paths.swift */,
				85A7C44ED8D79ADE6F3EF56D /* Profile.swift */,
				5AAC43596EA57BA06E23159C /* ProfileStore.swift */,
				458FA1FA042E0E6F25A3EAFB /* RulesEditorView.swift */,
				9B67472933AC35B5A2102E0A /* RulesStore.swift */,
				45FDF32327BF0B83951AD87D /* TunnelView.swift */,
			);
			path = Sources;
			sourceTree = "<group>";
		};
		7F5674927DC74D892A3E0C27 /* Products */ = {
			isa = PBXGroup;
			children = (
				029F4EADD2755387F175FBBF /* AwgRoute.app */,
			);
			name = Products;
			sourceTree = "<group>";
		};
		DB0A1624423281F8125515B7 /* resources */ = {
			isa = PBXGroup;
			children = (
				99189E2B2D00D9BE122BB381 /* rule-presets */,
			);
			path = resources;
			sourceTree = "<group>";
		};
/* End PBXGroup section */

/* Begin PBXNativeTarget section */
		89C8E8B1CC3AB12B9ED8487F /* AwgRoute */ = {
			isa = PBXNativeTarget;
			buildConfigurationList = F5779FC7C24804D71F2D4E9C /* Build configuration list for PBXNativeTarget "AwgRoute" */;
			buildPhases = (
				165DFEDFB3300BDC5190E124 /* Sources */,
				00270AC2BF6792525FF4BAEC /* Resources */,
				B7A17AAEE98D35F172576405 /* Frameworks */,
			);
			buildRules = (
			);
			dependencies = (
			);
			name = AwgRoute;
			packageProductDependencies = (
				5E3D13F76BE00333B48351BE /* AwgConfig */,
			);
			productName = AwgRoute;
			productReference = 029F4EADD2755387F175FBBF /* AwgRoute.app */;
			productType = "com.apple.product-type.application";
		};
/* End PBXNativeTarget section */

/* Begin PBXProject section */
		02FB219680AFFD0E1DFC1C25 /* Project object */ = {
			isa = PBXProject;
			attributes = {
				BuildIndependentTargetsInParallel = YES;
				LastUpgradeCheck = 1430;
				TargetAttributes = {
					89C8E8B1CC3AB12B9ED8487F = {
						DevelopmentTeam = "";
						ProvisioningStyle = Manual;
					};
				};
			};
			buildConfigurationList = 092A16DA76D5A7983432D34C /* Build configuration list for PBXProject "AwgRoute" */;
			developmentRegion = en;
			hasScannedForEncodings = 0;
			knownRegions = (
				Base,
				en,
			);
			mainGroup = 2C5DBFFE9487CF9F5423575A;
			minimizedProjectReferenceProxies = 1;
			packageReferences = (
				7CFD5C6CD2F353F7A636D276 /* XCLocalSwiftPackageReference "../shared" */,
			);
			preferredProjectObjectVersion = 77;
			productRefGroup = 7F5674927DC74D892A3E0C27 /* Products */;
			projectDirPath = "";
			projectRoot = "";
			targets = (
				89C8E8B1CC3AB12B9ED8487F /* AwgRoute */,
			);
		};
/* End PBXProject section */

/* Begin PBXResourcesBuildPhase section */
		00270AC2BF6792525FF4BAEC /* Resources */ = {
			isa = PBXResourcesBuildPhase;
			buildActionMask = 2147483647;
			files = (
				D90779A3AFEF20E5255AE646 /* rule-presets in Resources */,
			);
			runOnlyForDeploymentPostprocessing = 0;
		};
/* End PBXResourcesBuildPhase section */

/* Begin PBXSourcesBuildPhase section */
		165DFEDFB3300BDC5190E124 /* Sources */ = {
			isa = PBXSourcesBuildPhase;
			buildActionMask = 2147483647;
			files = (
				C4AEF6195192B0EDBE46139A /* AppDelegate.swift in Sources */,
				E3C414824CB9940E6A26DE84 /* AwgRouteApp.swift in Sources */,
				AE5180EAFF445D6385F28499 /* BackendController.swift in Sources */,
				E548324AAEC89A475890C498 /* ConnectionCoordinator.swift in Sources */,
				C59CD3BD65E882C9CB096498 /* ContentView.swift in Sources */,
				02B478E6DDB329C8F4017FBF /* KeychainStore.swift in Sources */,
				A05385EB5CBBC969FE8B551C /* LogBuffer.swift in Sources */,
				2642E0821FF95F7A68FB84AE /* LogTailer.swift in Sources */,
				28CCDE01B79369B32DBE77A0 /* Paths.swift in Sources */,
				761E7D97AA6CB0B7DAFE8310 /* Profile.swift in Sources */,
				B0C6F26CB35DAB7A75CF661F /* ProfileStore.swift in Sources */,
				C426688D4854CD213B5C49DC /* RulesEditorView.swift in Sources */,
				3D2469C94D75A28E5D02E11D /* RulesStore.swift in Sources */,
				82609854A98696A072CB69AD /* TunnelView.swift in Sources */,
			);
			runOnlyForDeploymentPostprocessing = 0;
		};
/* End PBXSourcesBuildPhase section */

/* Begin XCBuildConfiguration section */
		118D2A0553ADD26E0BEC7C39 /* Debug */ = {
			isa = XCBuildConfiguration;
			buildSettings = {
				ASSETCATALOG_COMPILER_APPICON_NAME = AppIcon;
				CODE_SIGNING_ALLOWED = NO;
				CODE_SIGNING_REQUIRED = NO;
				COMBINE_HIDPI_IMAGES = YES;
				ENABLE_HARDENED_RUNTIME = NO;
				INFOPLIST_FILE = Sources/Info.plist;
				LD_RUNPATH_SEARCH_PATHS = (
					"$(inherited)",
					"@executable_path/../Frameworks",
				);
				MACOSX_DEPLOYMENT_TARGET = 13.0;
				PRODUCT_BUNDLE_IDENTIFIER = dev.awgroute.app;
				SDKROOT = macosx;
			};
			name = Debug;
		};
		16A965662B3F94114B64F27C /* Debug */ = {
			isa = XCBuildConfiguration;
			buildSettings = {
				ALWAYS_SEARCH_USER_PATHS = NO;
				CLANG_ANALYZER_NONNULL = YES;
				CLANG_ANALYZER_NUMBER_OBJECT_CONVERSION = YES_AGGRESSIVE;
				CLANG_CXX_LANGUAGE_STANDARD = "gnu++14";
				CLANG_CXX_LIBRARY = "libc++";
				CLANG_ENABLE_MODULES = YES;
				CLANG_ENABLE_OBJC_ARC = YES;
				CLANG_ENABLE_OBJC_WEAK = YES;
				CLANG_WARN_BLOCK_CAPTURE_AUTORELEASING = YES;
				CLANG_WARN_BOOL_CONVERSION = YES;
				CLANG_WARN_COMMA = YES;
				CLANG_WARN_CONSTANT_CONVERSION = YES;
				CLANG_WARN_DEPRECATED_OBJC_IMPLEMENTATIONS = YES;
				CLANG_WARN_DIRECT_OBJC_ISA_USAGE = YES_ERROR;
				CLANG_WARN_DOCUMENTATION_COMMENTS = YES;
				CLANG_WARN_EMPTY_BODY = YES;
				CLANG_WARN_ENUM_CONVERSION = YES;
				CLANG_WARN_INFINITE_RECURSION = YES;
				CLANG_WARN_INT_CONVERSION = YES;
				CLANG_WARN_NON_LITERAL_NULL_CONVERSION = YES;
				CLANG_WARN_OBJC_IMPLICIT_RETAIN_SELF = YES;
				CLANG_WARN_OBJC_LITERAL_CONVERSION = YES;
				CLANG_WARN_OBJC_ROOT_CLASS = YES_ERROR;
				CLANG_WARN_QUOTED_INCLUDE_IN_FRAMEWORK_HEADER = YES;
				CLANG_WARN_RANGE_LOOP_ANALYSIS = YES;
				CLANG_WARN_STRICT_PROTOTYPES = YES;
				CLANG_WARN_SUSPICIOUS_MOVE = YES;
				CLANG_WARN_UNGUARDED_AVAILABILITY = YES_AGGRESSIVE;
				CLANG_WARN_UNREACHABLE_CODE = YES;
				CLANG_WARN__DUPLICATE_METHOD_MATCH = YES;
				CODE_SIGNING_ALLOWED = NO;
				CODE_SIGNING_REQUIRED = NO;
				CODE_SIGN_IDENTITY = "-";
				CODE_SIGN_STYLE = Manual;
				COPY_PHASE_STRIP = NO;
				DEBUG_INFORMATION_FORMAT = dwarf;
				DEVELOPMENT_TEAM = "";
				ENABLE_HARDENED_RUNTIME = NO;
				ENABLE_STRICT_OBJC_MSGSEND = YES;
				ENABLE_TESTABILITY = YES;
				GCC_C_LANGUAGE_STANDARD = gnu11;
				GCC_DYNAMIC_NO_PIC = NO;
				GCC_NO_COMMON_BLOCKS = YES;
				GCC_OPTIMIZATION_LEVEL = 0;
				GCC_PREPROCESSOR_DEFINITIONS = (
					"$(inherited)",
					"DEBUG=1",
				);
				GCC_WARN_64_TO_32_BIT_CONVERSION = YES;
				GCC_WARN_ABOUT_RETURN_TYPE = YES_ERROR;
				GCC_WARN_UNDECLARED_SELECTOR = YES;
				GCC_WARN_UNINITIALIZED_AUTOS = YES_AGGRESSIVE;
				GCC_WARN_UNUSED_FUNCTION = YES;
				GCC_WARN_UNUSED_VARIABLE = YES;
				MACOSX_DEPLOYMENT_TARGET = 13.0;
				MTL_ENABLE_DEBUG_INFO = INCLUDE_SOURCE;
				MTL_FAST_MATH = YES;
				ONLY_ACTIVE_ARCH = YES;
				PRODUCT_NAME = "$(TARGET_NAME)";
				SDKROOT = macosx;
				SWIFT_ACTIVE_COMPILATION_CONDITIONS = DEBUG;
				SWIFT_OPTIMIZATION_LEVEL = "-Onone";
				SWIFT_VERSION = 5.9;
			};
			name = Debug;
		};
		DD91C4AE2985806559C655F7 /* Release */ = {
			isa = XCBuildConfiguration;
			buildSettings = {
				ALWAYS_SEARCH_USER_PATHS = NO;
				CLANG_ANALYZER_NONNULL = YES;
				CLANG_ANALYZER_NUMBER_OBJECT_CONVERSION = YES_AGGRESSIVE;
				CLANG_CXX_LANGUAGE_STANDARD = "gnu++14";
				CLANG_CXX_LIBRARY = "libc++";
				CLANG_ENABLE_MODULES = YES;
				CLANG_ENABLE_OBJC_ARC = YES;
				CLANG_ENABLE_OBJC_WEAK = YES;
				CLANG_WARN_BLOCK_CAPTURE_AUTORELEASING = YES;
				CLANG_WARN_BOOL_CONVERSION = YES;
				CLANG_WARN_COMMA = YES;
				CLANG_WARN_CONSTANT_CONVERSION = YES;
				CLANG_WARN_DEPRECATED_OBJC_IMPLEMENTATIONS = YES;
				CLANG_WARN_DIRECT_OBJC_ISA_USAGE = YES_ERROR;
				CLANG_WARN_DOCUMENTATION_COMMENTS = YES;
				CLANG_WARN_EMPTY_BODY = YES;
				CLANG_WARN_ENUM_CONVERSION = YES;
				CLANG_WARN_INFINITE_RECURSION = YES;
				CLANG_WARN_INT_CONVERSION = YES;
				CLANG_WARN_NON_LITERAL_NULL_CONVERSION = YES;
				CLANG_WARN_OBJC_IMPLICIT_RETAIN_SELF = YES;
				CLANG_WARN_OBJC_LITERAL_CONVERSION = YES;
				CLANG_WARN_OBJC_ROOT_CLASS = YES_ERROR;
				CLANG_WARN_QUOTED_INCLUDE_IN_FRAMEWORK_HEADER = YES;
				CLANG_WARN_RANGE_LOOP_ANALYSIS = YES;
				CLANG_WARN_STRICT_PROTOTYPES = YES;
				CLANG_WARN_SUSPICIOUS_MOVE = YES;
				CLANG_WARN_UNGUARDED_AVAILABILITY = YES_AGGRESSIVE;
				CLANG_WARN_UNREACHABLE_CODE = YES;
				CLANG_WARN__DUPLICATE_METHOD_MATCH = YES;
				CODE_SIGNING_ALLOWED = NO;
				CODE_SIGNING_REQUIRED = NO;
				CODE_SIGN_IDENTITY = "-";
				CODE_SIGN_STYLE = Manual;
				COPY_PHASE_STRIP = NO;
				DEBUG_INFORMATION_FORMAT = "dwarf-with-dsym";
				DEVELOPMENT_TEAM = "";
				ENABLE_HARDENED_RUNTIME = NO;
				ENABLE_NS_ASSERTIONS = NO;
				ENABLE_STRICT_OBJC_MSGSEND = YES;
				GCC_C_LANGUAGE_STANDARD = gnu11;
				GCC_NO_COMMON_BLOCKS = YES;
				GCC_WARN_64_TO_32_BIT_CONVERSION = YES;
				GCC_WARN_ABOUT_RETURN_TYPE = YES_ERROR;
				GCC_WARN_UNDECLARED_SELECTOR = YES;
				GCC_WARN_UNINITIALIZED_AUTOS = YES_AGGRESSIVE;
				GCC_WARN_UNUSED_FUNCTION = YES;
				GCC_WARN_UNUSED_VARIABLE = YES;
				MACOSX_DEPLOYMENT_TARGET = 13.0;
				MTL_ENABLE_DEBUG_INFO = NO;
				MTL_FAST_MATH = YES;
				PRODUCT_NAME = "$(TARGET_NAME)";
				SDKROOT = macosx;
				SWIFT_COMPILATION_MODE = wholemodule;
				SWIFT_OPTIMIZATION_LEVEL = "-O";
				SWIFT_VERSION = 5.9;
			};
			name = Release;
		};
		F9683ABE6F5005F0F9A26BF4 /* Release */ = {
			isa = XCBuildConfiguration;
			buildSettings = {
				ASSETCATALOG_COMPILER_APPICON_NAME = AppIcon;
				CODE_SIGNING_ALLOWED = NO;
				CODE_SIGNING_REQUIRED = NO;
				COMBINE_HIDPI_IMAGES = YES;
				ENABLE_HARDENED_RUNTIME = NO;
				INFOPLIST_FILE = Sources/Info.plist;
				LD_RUNPATH_SEARCH_PATHS = (
					"$(inherited)",
					"@executable_path/../Frameworks",
				);
				MACOSX_DEPLOYMENT_TARGET = 13.0;
				PRODUCT_BUNDLE_IDENTIFIER = dev.awgroute.app;
				SDKROOT = macosx;
			};
			name = Release;
		};
/* End XCBuildConfiguration section */

/* Begin XCConfigurationList section */
		092A16DA76D5A7983432D34C /* Build configuration list for PBXProject "AwgRoute" */ = {
			isa = XCConfigurationList;
			buildConfigurations = (
				16A965662B3F94114B64F27C /* Debug */,
				DD91C4AE2985806559C655F7 /* Release */,
			);
			defaultConfigurationIsVisible = 0;
			defaultConfigurationName = Debug;
		};
		F5779FC7C24804D71F2D4E9C /* Build configuration list for PBXNativeTarget "AwgRoute" */ = {
			isa = XCConfigurationList;
			buildConfigurations = (
				118D2A0553ADD26E0BEC7C39 /* Debug */,
				F9683ABE6F5005F0F9A26BF4 /* Release */,
			);
			defaultConfigurationIsVisible = 0;
			defaultConfigurationName = Debug;
		};
/* End XCConfigurationList section */

/* Begin XCLocalSwiftPackageReference section */
		7CFD5C6CD2F353F7A636D276 /* XCLocalSwiftPackageReference "../shared" */ = {
			isa = XCLocalSwiftPackageReference;
			relativePath = ../shared;
		};
/* End XCLocalSwiftPackageReference section */

/* Begin XCSwiftPackageProductDependency section */
		5E3D13F76BE00333B48351BE /* AwgConfig */ = {
			isa = XCSwiftPackageProductDependency;
			productName = AwgConfig;
		};
/* End XCSwiftPackageProductDependency section */
	};
	rootObject = 02FB219680AFFD0E1DFC1C25 /* Project object */;
}
